zephyr 2c11634850f7d6b04e55a253d4506a6e7c8bd673
acpica 0333c2af13179f9b33d495cf7cb9a509f751cbb1
canopennode dec12fa3f0d790cafa8414a4c2930ea71ab72ffd
cmsis 5a00331455dd74e31e80efa383a489faea0590e3
hal_realtek 3c8e0bf787d80bc98c0fe4041f660ee1bf091206
libmetal b91611a6f47dd29fb24c46e5621e797557f80ec6
liblc3 448f3de31f49a838988a162ef1e23a89ddf2d2ed
littlefs ca583fd297ceb48bced3c2548600dc615d67af24
lvgl 8a6a2d1d29d17d1e4bdc94c243c146a39d635fdd
mbedtls c38dc78d9a8dcbe43b898cc1171ab33ba3e6fc26
mipi-sys-t a819419603a2dfcb47f7f39092e1bc112e45d1ef
nrf_hw_models f4595802d32d103718bf50b3d390b7a450895843
open-amp 42b7c577714b8f22ce82a901e19c1814af4609a8
percepio a3728efccc47dd372f40e6313589ca4c5cc7d5e9
picolibc d07c38ff051386f8e09a143ea0a6c1d6d66dd1d8
segger 9d0191285956cef43daf411edc2f1a7788346def
tinycrypt 3e9a49d2672ec01435ffbf0d788db6d95ef28de0
trusted-firmware-a 421dc050278287839f5c70019bd6aec617f2bbdb
uoscore-uedhoc 5fe2cb613bd7e4590bd1b00c2adf181ac0229379
zcbor 67fd8bb88d3136738661fa8bb5f9989103f4599e
